
Microsoft Visual Studio Solution File, Format Version 12.00
# Visual Studio Version 17
VisualStudioVersion = 17.3.32825.248
MinimumVisualStudioVersion = 10.0.40219.1
Project("{FAE04EC0-301F-11D3-BF4B-00C04F79EFBC}") = "Kinetq.Validation", "Kinetq.Validation\Kinetq.Validation.csproj", "{65C735CD-DBFB-41CA-96CB-E43A16A0B828}"
EndProject
Project("{FAE04EC0-301F-11D3-BF4B-00C04F79EFBC}") = "Kinetq.Validation.Tests", "Kinetq.Validation.Tests\Kinetq.Validation.Tests.csproj", "{0E921600-78C4-4B1F-B114-38FC721EA518}"
EndProject
Global
	GlobalSection(SolutionConfigurationPlatforms) = preSolution
		Debug|Any CPU = Debug|Any CPU
		Release|Any CPU = Release|Any CPU
	EndGlobalSection
	GlobalSection(ProjectConfigurationPlatforms) = postSolution
		{65C735CD-DBFB-41CA-96CB-E43A16A0B828}.Debug|Any CPU.ActiveCfg = Debug|Any CPU
		{65C735CD-DBFB-41CA-96CB-E43A16A0B828}.Debug|Any CPU.Build.0 = Debug|Any CPU
		{65C735CD-DBFB-41CA-96CB-E43A16A0B828}.Release|Any CPU.ActiveCfg = Release|Any CPU
		{65C735CD-DBFB-41CA-96CB-E43A16A0B828}.Release|Any CPU.Build.0 = Release|Any CPU
		{0E921600-78C4-4B1F-B114-38FC721EA518}.Debug|Any CPU.ActiveCfg = Debug|Any CPU
		{0E921600-78C4-4B1F-B114-38FC721EA518}.Debug|Any CPU.Build.0 = Debug|Any CPU
		{0E921600-78C4-4B1F-B114-38FC721EA518}.Release|Any CPU.ActiveCfg = Release|Any CPU
		{0E921600-78C4-4B1F-B114-38FC721EA518}.Release|Any CPU.Build.0 = Release|Any CPU
	EndGlobalSection
	GlobalSection(SolutionProperties) = preSolution
		HideSolutionNode = FALSE
	EndGlobalSection
	GlobalSection(ExtensibilityGlobals) = postSolution
		SolutionGuid = {292BAD54-06B0-4B93-9E58-52E98EAD9ED6}
	EndGlobalSection
EndGlobal
